{
  "R": {
    "Version": "3.6.2",
    "Repositories": [
      {
        "Name": "CRAN",
        "URL": "https://cran.rstudio.com"
      }
    ]
  },
  "Packages": {
    "BH": {
      "Package": "BH",
      "Version": "1.72.0-2",
      "Source": "Repository",
      "Repository": "CRAN",
      "Hash": "00d67366d2b1bbd0a4dd0279817a66d4"
    },
    "MASS": {
      "Package": "MASS",
      "Version": "7.3-51.5",
      "Source": "Repository",
      "Repository": "CRAN",
      "Hash": "9efe80472b21189ebab1b74169808c26"
    },
    "Matrix": {
      "Package": "Matrix",
      "Version": "1.2-18",
      "Source": "Repository",
      "Repository": "CRAN",
      "Hash": "08588806cba69f04797dab50627428ed"
    },
    "Metrics": {
      "Package": "Metrics",
      "Version": "0.1.4",
      "Source": "Repository",
      "Repository": "CRAN",
      "Hash": "1fdc9b3adfe2e2f8f77c22a59cf322ec"
    },
    "R6": {
      "Package": "R6",
      "Version": "2.4.1",
      "Source": "Repository",
      "Repository": "CRAN",
      "Hash": "292b54f8f4b94669b08f94e5acce6be2"
    },
    "RColorBrewer": {
      "Package": "RColorBrewer",
      "Version": "1.1-2",
      "Source": "Repository",
      "Repository": "CRAN",
      "Hash": "e031418365a7f7a766181ab5a41a5716"
    },
    "Rcpp": {
      "Package": "Rcpp",
      "Version": "1.0.3",
      "Source": "Repository",
      "Repository": "CRAN",
      "Hash": "f3ca785924863b0e4c8cb23b6a5c75a1"
    },
    "assertthat": {
      "Package": "assertthat",
      "Version": "0.2.1",
      "Source": "Repository",
      "Repository": "CRAN",
      "Hash": "50c838a310445e954bc13f26f26a6ecf"
    },
    "backports": {
      "Package": "backports",
      "Version": "1.1.5",
      "Source": "Repository",
      "Repository": "CRAN",
      "Hash": "e9f705633dc932bfd5b02b17a5053a06"
    },
    "chron": {
      "Package": "chron",
      "Version": "2.3-54",
      "Source": "Repository",
      "Repository": "CRAN",
      "Hash": "a09d54e094a4991b8ff506a3b9d0aaaa"
    },
    "cli": {
      "Package": "cli",
      "Version": "2.0.0",
      "Source": "Repository",
      "Repository": "CRAN",
      "Hash": "f41a3aa27b911750a6526b450d0b8ea4"
    },
    "coda": {
      "Package": "coda",
      "Version": "0.19-3",
      "Source": "Repository",
      "Repository": "CRAN",
      "Hash": "b177892d05d94358d282fcc303799593"
    },
    "codetools": {
      "Package": "codetools",
      "Version": "0.2-16",
      "Source": "Repository",
      "Repository": "CRAN",
      "Hash": "89cf4b8207269ccf82fbeb6473fd662b"
    },
    "colorspace": {
      "Package": "colorspace",
      "Version": "1.4-1",
      "Source": "Repository",
      "Repository": "CRAN",
      "Hash": "6b436e95723d1f0e861224dd9b094dfb"
    },
    "crayon": {
      "Package": "crayon",
      "Version": "1.3.4",
      "Source": "Repository",
      "Repository": "CRAN",
      "Hash": "0d57bc8e27b7ba9e45dba825ebc0de6b"
    },
    "digest": {
      "Package": "digest",
      "Version": "0.6.23",
      "Source": "Repository",
      "Repository": "CRAN",
      "Hash": "931fd68809dab4609b4d4b5702206066"
    },
    "doParallel": {
      "Package": "doParallel",
      "Version": "1.0.15",
      "Source": "Repository",
      "Repository": "CRAN",
      "Hash": "1886c5bce3d9c0b4f9d0b113d76f9357"
    },
    "dplyr": {
      "Package": "dplyr",
      "Version": "0.8.3",
      "Source": "Repository",
      "Repository": "CRAN",
      "Hash": "c426258a806b7e69613432b197b9954d"
    },
    "ellipsis": {
      "Package": "ellipsis",
      "Version": "0.3.0",
      "Source": "Repository",
      "Repository": "CRAN",
      "Hash": "7067d90c1c780bfe80c0d497e3d7b49d"
    },
    "fansi": {
      "Package": "fansi",
      "Version": "0.4.0",
      "Source": "Repository",
      "Repository": "CRAN",
      "Hash": "b31d9e5d051553d1177083aeba04b5b9"
    },
    "farver": {
      "Package": "farver",
      "Version": "2.0.1",
      "Source": "Repository",
      "Repository": "CRAN",
      "Hash": "e1e33215c942e78d2128221079b5dc35"
    },
    "foreach": {
      "Package": "foreach",
      "Version": "1.4.7",
      "Source": "Repository",
      "Repository": "CRAN",
      "Hash": "5c52b519714c1d0fc5efca58f74918fe"
    },
    "ggplot2": {
      "Package": "ggplot2",
      "Version": "3.2.1",
      "Source": "Repository",
      "Repository": "CRAN",
      "Hash": "9ac60f09a2f437af8df8638ef3da0288"
    },
    "glue": {
      "Package": "glue",
      "Version": "1.3.1",
      "Source": "Repository",
      "Repository": "CRAN",
      "Hash": "d4e25697c450c01b202c79ef35694a83"
    },
    "gtable": {
      "Package": "gtable",
      "Version": "0.3.0",
      "Source": "Repository",
      "Repository": "CRAN",
      "Hash": "ac5c6baf7822ce8732b343f14c072c4d"
    },
    "iterators": {
      "Package": "iterators",
      "Version": "1.0.12",
      "Source": "Repository",
      "Repository": "CRAN",
      "Hash": "117128f48662573ff4c4e72608b9e202"
    },
    "labeling": {
      "Package": "labeling",
      "Version": "0.3",
      "Source": "Repository",
      "Repository": "CRAN",
      "Hash": "73832978c1de350df58108c745ed0e3e"
    },
    "lattice": {
      "Package": "lattice",
      "Version": "0.20-38",
      "Source": "Repository",
      "Repository": "CRAN",
      "Hash": "848f8c593fd1050371042d18d152e3d7"
    },
    "lazyeval": {
      "Package": "lazyeval",
      "Version": "0.2.2",
      "Source": "Repository",
      "Repository": "CRAN",
      "Hash": "d908914ae53b04d4c0c0fd72ecc35370"
    },
    "lifecycle": {
      "Package": "lifecycle",
      "Version": "0.1.0",
      "Source": "Repository",
      "Repository": "CRAN",
      "Hash": "dc0e9c03b3635ff433b045ce6bf0612d"
    },
    "magrittr": {
      "Package": "magrittr",
      "Version": "1.5",
      "Source": "Repository",
      "Repository": "CRAN",
      "Hash": "1bb58822a20301cee84a41678e25d9b7"
    },
    "matlab": {
      "Package": "matlab",
      "Version": "1.0.2",
      "Source": "Repository",
      "Repository": "CRAN",
      "Hash": "7e17d4b237b82050ed00dedd121f439c"
    },
    "mgcv": {
      "Package": "mgcv",
      "Version": "1.8-31",
      "Source": "Repository",
      "Repository": "CRAN",
      "Hash": "4bb7e0c4f3557583e1e8d3c9ffb8ba5c"
    },
    "munsell": {
      "Package": "munsell",
      "Version": "0.5.0",
      "Source": "Repository",
      "Repository": "CRAN",
      "Hash": "6dfe8bf774944bd5595785e3229d8771"
    },
    "mvtnorm": {
      "Package": "mvtnorm",
      "Version": "1.0-11",
      "Source": "Repository",
      "Repository": "CRAN",
      "Hash": "fc2710274a168072900ab6ce44bc3b25"
    },
    "nlme": {
      "Package": "nlme",
      "Version": "3.1-143",
      "Source": "Repository",
      "Repository": "CRAN",
      "Hash": "7518d3b54a24f9291735a25467997858"
    },
    "openxlsx": {
      "Package": "openxlsx",
      "Version": "4.1.4",
      "Source": "Repository",
      "Repository": "CRAN",
      "Hash": "664378f856aceb385eabbce0f202abd8"
    },
    "pillar": {
      "Package": "pillar",
      "Version": "1.4.3",
      "Source": "Repository",
      "Repository": "CRAN",
      "Hash": "fa3ed60396b6998d0427c57dab90fba4"
    },
    "pkgconfig": {
      "Package": "pkgconfig",
      "Version": "2.0.3",
      "Source": "Repository",
      "Repository": "CRAN",
      "Hash": "01f28d4278f15c76cddbea05899c5d6f"
    },
    "plogr": {
      "Package": "plogr",
      "Version": "0.2.0",
      "Source": "Repository",
      "Repository": "CRAN",
      "Hash": "09eb987710984fc2905c7129c7d85e65"
    },
    "plyr": {
      "Package": "plyr",
      "Version": "1.8.5",
      "Source": "Repository",
      "Repository": "CRAN",
      "Hash": "3f1b0dbcc503320e6e7aae6c3ff87eaa"
    },
    "pracma": {
      "Package": "pracma",
      "Version": "2.2.9",
      "Source": "Repository",
      "Repository": "CRAN",
      "Hash": "b1cf8036efd1f61f198a209d6aed5822"
    },
    "purrr": {
      "Package": "purrr",
      "Version": "0.3.3",
      "Source": "Repository",
      "Repository": "CRAN",
      "Hash": "22aca7d1181718e927d403a8c2d69d62"
    },
    "renv": {
      "Package": "renv",
      "Version": "0.9.2",
      "Source": "Repository",
      "Repository": "CRAN",
      "Hash": "5181d5f316c7a6589219866d640e004c"
    },
    "reshape2": {
      "Package": "reshape2",
      "Version": "1.4.3",
      "Source": "Repository",
      "Repository": "CRAN",
      "Hash": "15a23ad30f51789188e439599559815c"
    },
    "rlang": {
      "Package": "rlang",
      "Version": "0.4.2",
      "Source": "Repository",
      "Repository": "CRAN",
      "Hash": "ff31d958a041593f58ba04fc637d90dd"
    },
    "scales": {
      "Package": "scales",
      "Version": "1.1.0",
      "Source": "Repository",
      "Repository": "CRAN",
      "Hash": "a1c68369c629ea3188d0676e37069c65"
    },
    "stringi": {
      "Package": "stringi",
      "Version": "1.4.3",
      "Source": "Repository",
      "Repository": "CRAN",
      "Hash": "74a50760af835563fb2c124e66aa134e"
    },
    "stringr": {
      "Package": "stringr",
      "Version": "1.4.0",
      "Source": "Repository",
      "Repository": "CRAN",
      "Hash": "0759e6b6c0957edb1311028a49a35e76"
    },
    "tibble": {
      "Package": "tibble",
      "Version": "2.1.3",
      "Source": "Repository",
      "Repository": "CRAN",
      "Hash": "8248ee35d1e15d1e506f05f5a5d46a75"
    },
    "tidyselect": {
      "Package": "tidyselect",
      "Version": "0.2.5",
      "Source": "Repository",
      "Repository": "CRAN",
      "Hash": "971842fead8ee9e150495a0ede343a98"
    },
    "utf8": {
      "Package": "utf8",
      "Version": "1.1.4",
      "Source": "Repository",
      "Repository": "CRAN",
      "Hash": "4a5081acfb7b81a572e4384a7aaf2af1"
    },
    "vctrs": {
      "Package": "vctrs",
      "Version": "0.2.1",
      "Source": "Repository",
      "Repository": "CRAN",
      "Hash": "5c2d0fe441406cba811b46708ea28e41"
    },
    "viridisLite": {
      "Package": "viridisLite",
      "Version": "0.3.0",
      "Source": "Repository",
      "Repository": "CRAN",
      "Hash": "ce4f6271baa94776db692f1cb2055bee"
    },
    "withr": {
      "Package": "withr",
      "Version": "2.1.2",
      "Source": "Repository",
      "Repository": "CRAN",
      "Hash": "aa57ed55ff2df4bea697a07df528993d"
    },
    "zeallot": {
      "Package": "zeallot",
      "Version": "0.1.0",
      "Source": "Repository",
      "Repository": "CRAN",
      "Hash": "ee9b643aa8331c45d8d82eb3a137c9bc"
    },
    "zip": {
      "Package": "zip",
      "Version": "2.0.4",
      "Source": "Repository",
      "Repository": "CRAN",
      "Hash": "caa73cdca1a87e5f2617915c8809f207"
    },
    "zoo": {
      "Package": "zoo",
      "Version": "1.8-6",
      "Source": "Repository",
      "Repository": "CRAN",
      "Hash": "d6d8d8c2b5f0c309dfa8caf9a27a61e2"
    }
  }
}
